<?xml version="1.0" encoding="utf-8"?>
<Project ToolsVersion="4.0" xmlns="http://schemas.microsoft.com/developer/msbuild/2003">
  <ItemGroup>
    <Filter Include="Source Files">
      <UniqueIdentifier>{4FC737F1-C7A5-4376-A066-2A32D752A2FF}</UniqueIdentifier>
      <Extensions>cpp;c;cc;cxx;def;odl;idl;hpj;bat;asm;asmx</Extensions>
    </Filter>
    <Filter Include="Header Files">
      <UniqueIdentifier>{93995380-89BD-4b04-88EB-625FBE52EBFB}</UniqueIdentifier>
      <Extensions>h;hpp;hxx;hm;inl;inc;xsd</Extensions>
    </Filter>
    <Filter Include="Resource Files">
      <UniqueIdentifier>{67DA6AB6-F800-4c08-8B7A-83BB121AAD01}</UniqueIdentifier>
      <Extensions>rc;ico;cur;bmp;dlg;rc2;rct;bin;rgs;gif;jpg;jpeg;jpe;resx;tiff;tif;png;wav;mfcribbon-ms</Extensions>
    </Filter>
    <Filter Include="Header Files\Exceptions">
      <UniqueIdentifier>{665b28db-7c2a-4c5a-a198-8364d972b01c}</UniqueIdentifier>
    </Filter>
    <Filter Include="Source Files\Exceptions">
      <UniqueIdentifier>{0ced7609-a8c6-4dc3-91dc-e26cd7590927}</UniqueIdentifier>
    </Filter>
    <Filter Include="Header Files\Interfaces">
      <UniqueIdentifier>{d41a8a77-efbf-4b8b-818a-9177368fffc2}</UniqueIdentifier>
    </Filter>
    <Filter Include="Header Files\Bullets">
      <UniqueIdentifier>{a9fe6967-f95a-4657-95cf-9f9ade3acb73}</UniqueIdentifier>
    </Filter>
    <Filter Include="Source Files\Bullets">
      <UniqueIdentifier>{ee3fbf84-9229-44b6-a648-0ed733e9a58e}</UniqueIdentifier>
    </Filter>
    <Filter Include="Header Files\Fields">
      <UniqueIdentifier>{2c8ffe8f-77d7-4701-b49d-79a9870ad426}</UniqueIdentifier>
    </Filter>
    <Filter Include="Source Files\Fields">
      <UniqueIdentifier>{a79d73cd-b1ac-448d-9703-2f0ccd91c730}</UniqueIdentifier>
    </Filter>
    <Filter Include="Header Files\Objects">
      <UniqueIdentifier>{50c60d11-42f3-4cb5-9067-b878b9b94cb6}</UniqueIdentifier>
    </Filter>
    <Filter Include="Source Files\Objects">
      <UniqueIdentifier>{ef57035e-63fc-4961-a809-726359106e2f}</UniqueIdentifier>
    </Filter>
    <Filter Include="Header Files\Enumerations">
      <UniqueIdentifier>{499a8160-9121-4155-8219-19f5a6cd4c45}</UniqueIdentifier>
    </Filter>
    <Filter Include="Header Files\Patterns">
      <UniqueIdentifier>{025ea058-4a74-45da-b2ff-e5b698b6d970}</UniqueIdentifier>
    </Filter>
    <Filter Include="Source Files\Patterns">
      <UniqueIdentifier>{35ebb788-b82e-44a1-bcdb-778a2c5384b3}</UniqueIdentifier>
    </Filter>
    <Filter Include="Header Files\Tools">
      <UniqueIdentifier>{af0f8beb-f8ba-4bc1-98a0-06d34521e8da}</UniqueIdentifier>
    </Filter>
    <Filter Include="Source Files\Tools">
      <UniqueIdentifier>{a737e011-a0fd-4301-86e2-734b2ca9b428}</UniqueIdentifier>
    </Filter>
    <Filter Include="Source Files\Trajectories">
      <UniqueIdentifier>{7852da6d-0d58-4c77-b5e4-74cd223ce010}</UniqueIdentifier>
    </Filter>
    <Filter Include="Header Files\Trajectories">
      <UniqueIdentifier>{37e141b3-a75b-43dc-b033-2dd1ea4415bd}</UniqueIdentifier>
    </Filter>
    <Filter Include="Source Files\Bonuses">
      <UniqueIdentifier>{d9cae3f4-6a18-462c-9bcc-639479b96c97}</UniqueIdentifier>
    </Filter>
    <Filter Include="Header Files\Bonuses">
      <UniqueIdentifier>{923092d8-8759-418c-9351-cb4994361bf0}</UniqueIdentifier>
    </Filter>
    <Filter Include="Header Files\Enemies">
      <UniqueIdentifier>{4f3f4cbe-e12c-48dd-bc40-2f5fbebd9f7c}</UniqueIdentifier>
    </Filter>
    <Filter Include="Header Files\Patterns\EnemyPatterns">
      <UniqueIdentifier>{5f10f7fb-0d1a-4b4e-85a1-2a530dd8eaf1}</UniqueIdentifier>
    </Filter>
    <Filter Include="Source Files\Patterns\EnemyPatterns">
      <UniqueIdentifier>{b7f12920-c93a-4bb8-a6dc-c58dfbe539fb}</UniqueIdentifier>
    </Filter>
    <Filter Include="Source Files\Patterns\PlayerPatterns">
      <UniqueIdentifier>{7f7f835b-8b9f-4e1b-89f8-c92f95dcd333}</UniqueIdentifier>
    </Filter>
    <Filter Include="Header Files\Sprites">
      <UniqueIdentifier>{0c98fcff-a820-4240-a153-24474f37a514}</UniqueIdentifier>
    </Filter>
    <Filter Include="Source Files\Sprites">
      <UniqueIdentifier>{35539b8c-22f8-4bae-8ed1-67e733286205}</UniqueIdentifier>
    </Filter>
    <Filter Include="Header Files\Resources">
      <UniqueIdentifier>{8c7d25e1-dcd6-46d8-9062-b8a189389bd3}</UniqueIdentifier>
    </Filter>
    <Filter Include="Source Files\Resources">
      <UniqueIdentifier>{5b61e82c-bba8-44e3-8341-829cbffbfe77}</UniqueIdentifier>
    </Filter>
    <Filter Include="Header Files\Patterns\PlayerPatterns">
      <UniqueIdentifier>{fdeba899-2f79-43c5-ba9b-c4432540268c}</UniqueIdentifier>
    </Filter>
    <Filter Include="Source Files\Enemies">
      <UniqueIdentifier>{2a3c785c-91fd-4cbd-ab11-880140aacba4}</UniqueIdentifier>
    </Filter>
    <Filter Include="Header Files\Structures">
      <UniqueIdentifier>{dd2b83b8-069f-455d-adac-4bf56c61f92f}</UniqueIdentifier>
    </Filter>
    <Filter Include="Header Files\Trajectories\ManyPoints">
      <UniqueIdentifier>{679f08db-c636-4450-af0a-468894d80907}</UniqueIdentifier>
    </Filter>
    <Filter Include="Header Files\Trajectories\SinglePoints">
      <UniqueIdentifier>{15a17667-9c2c-4699-91ba-236dc1038597}</UniqueIdentifier>
    </Filter>
    <Filter Include="Source Files\Trajectories\SinglePoint">
      <UniqueIdentifier>{70c3ca22-a78c-424d-b25f-b77c302ceb12}</UniqueIdentifier>
    </Filter>
    <Filter Include="Source Files\Trajectories\ManyPoints">
      <UniqueIdentifier>{df2b835a-206e-4db7-a6ec-f5c52c6d1bd7}</UniqueIdentifier>
    </Filter>
    <Filter Include="Header Files\Fields\TitleScreen">
      <UniqueIdentifier>{7a53d19b-3387-40b1-8d7a-2dd11b48c31e}</UniqueIdentifier>
    </Filter>
    <Filter Include="Source Files\Fields\TitleScreen">
      <UniqueIdentifier>{78541879-b622-4b58-a11c-04f3b68bd161}</UniqueIdentifier>
    </Filter>
    <Filter Include="Header Files\Parsers">
      <UniqueIdentifier>{1a4c7ff3-6ed3-41dd-b0cf-16527e134b4e}</UniqueIdentifier>
    </Filter>
    <Filter Include="Header Files\Fields\GameScreen">
      <UniqueIdentifier>{8308e69a-761d-4623-a143-79216e6abc6d}</UniqueIdentifier>
    </Filter>
    <Filter Include="Source Files\Fields\GameScreen">
      <UniqueIdentifier>{d2b566ec-d64a-4025-bffb-44a16ac3156e}</UniqueIdentifier>
    </Filter>
  </ItemGroup>
  <ItemGroup>
    <ClCompile Include="GameWindow.cpp">
      <Filter>Source Files</Filter>
    </ClCompile>
    <ClCompile Include="Main.cpp">
      <Filter>Source Files</Filter>
    </ClCompile>
    <ClCompile Include="GraphicsDevice.cpp">
      <Filter>Source Files</Filter>
    </ClCompile>
    <ClCompile Include="GameWindowInitializationFailedException.cpp">
      <Filter>Source Files\Exceptions</Filter>
    </ClCompile>
    <ClCompile Include="Direct3DInitializationFailedException.cpp">
      <Filter>Source Files\Exceptions</Filter>
    </ClCompile>
    <ClCompile Include="Timer.cpp">
      <Filter>Source Files</Filter>
    </ClCompile>
    <ClCompile Include="Bullet.cpp">
      <Filter>Source Files\Bullets</Filter>
    </ClCompile>
    <ClCompile Include="Game.cpp">
      <Filter>Source Files\Fields</Filter>
    </ClCompile>
    <ClCompile Include="GameObject.cpp">
      <Filter>Source Files\Objects</Filter>
    </ClCompile>
    <ClCompile Include="Player.cpp">
      <Filter>Source Files\Objects</Filter>
    </ClCompile>
    <ClCompile Include="EnemyBullet.cpp">
      <Filter>Source Files\Bullets</Filter>
    </ClCompile>
    <ClCompile Include="Vector.cpp">
      <Filter>Source Files\Tools</Filter>
    </ClCompile>
    <ClCompile Include="Trajectory.cpp">
      <Filter>Source Files\Trajectories</Filter>
    </ClCompile>
    <ClCompile Include="Application.cpp">
      <Filter>Source Files</Filter>
    </ClCompile>
    <ClCompile Include="TrajectoryFactory.cpp">
      <Filter>Source Files\Trajectories</Filter>
    </ClCompile>
    <ClCompile Include="Font.cpp">
      <Filter>Source Files</Filter>
    </ClCompile>
    <ClCompile Include="Hitbox.cpp">
      <Filter>Source Files</Filter>
    </ClCompile>
    <ClCompile Include="PlayerBullet.cpp">
      <Filter>Source Files\Bullets</Filter>
    </ClCompile>
    <ClCompile Include="BombBonus.cpp">
      <Filter>Source Files\Bonuses</Filter>
    </ClCompile>
    <ClCompile Include="Bonus.cpp">
      <Filter>Source Files\Bonuses</Filter>
    </ClCompile>
    <ClCompile Include="LifeBonus.cpp">
      <Filter>Source Files\Bonuses</Filter>
    </ClCompile>
    <ClCompile Include="PowerBonus.cpp">
      <Filter>Source Files\Bonuses</Filter>
    </ClCompile>
    <ClCompile Include="ScoreBonus.cpp">
      <Filter>Source Files\Bonuses</Filter>
    </ClCompile>
    <ClCompile Include="Enemy.cpp">
      <Filter>Source Files\Enemies</Filter>
    </ClCompile>
    <ClCompile Include="EPattern.cpp">
      <Filter>Source Files\Patterns\EnemyPatterns</Filter>
    </ClCompile>
    <ClCompile Include="PPattern.cpp">
      <Filter>Source Files\Patterns\PlayerPatterns</Filter>
    </ClCompile>
    <ClCompile Include="PlayerPattern01.cpp">
      <Filter>Source Files\Patterns\PlayerPatterns</Filter>
    </ClCompile>
    <ClCompile Include="PlayerPattern02.cpp">
      <Filter>Source Files\Patterns\PlayerPatterns</Filter>
    </ClCompile>
    <ClCompile Include="PlayerPattern03.cpp">
      <Filter>Source Files\Patterns\PlayerPatterns</Filter>
    </ClCompile>
    <ClCompile Include="EnemyPatternLine.cpp">
      <Filter>Source Files\Patterns\EnemyPatterns</Filter>
    </ClCompile>
    <ClCompile Include="BonusFactory.cpp">
      <Filter>Source Files\Bonuses</Filter>
    </ClCompile>
    <ClCompile Include="EnemyPatternEllipse.cpp">
      <Filter>Source Files\Patterns\EnemyPatterns</Filter>
    </ClCompile>
    <ClCompile Include="PlayerPattern04.cpp">
      <Filter>Source Files\Patterns\PlayerPatterns</Filter>
    </ClCompile>
    <ClCompile Include="PlayerPattern05.cpp">
      <Filter>Source Files\Patterns\PlayerPatterns</Filter>
    </ClCompile>
    <ClCompile Include="Bar.cpp">
      <Filter>Source Files</Filter>
    </ClCompile>
    <ClCompile Include="Sprite.cpp">
      <Filter>Source Files\Sprites</Filter>
    </ClCompile>
    <ClCompile Include="Bomb.cpp">
      <Filter>Source Files\Objects</Filter>
    </ClCompile>
    <ClCompile Include="EnemyPatternSpiral.cpp">
      <Filter>Source Files\Patterns\EnemyPatterns</Filter>
    </ClCompile>
    <ClCompile Include="EPatternFactory.cpp">
      <Filter>Source Files\Patterns\EnemyPatterns</Filter>
    </ClCompile>
    <ClCompile Include="Spellcard.cpp">
      <Filter>Source Files\Patterns</Filter>
    </ClCompile>
    <ClCompile Include="Boss.cpp">
      <Filter>Source Files\Enemies</Filter>
    </ClCompile>
    <ClCompile Include="TrajectorySpiral.cpp">
      <Filter>Source Files\Trajectories\SinglePoint</Filter>
    </ClCompile>
    <ClCompile Include="TrajectoryNone.cpp">
      <Filter>Source Files\Trajectories\SinglePoint</Filter>
    </ClCompile>
    <ClCompile Include="TrajectoryLine.cpp">
      <Filter>Source Files\Trajectories\SinglePoint</Filter>
    </ClCompile>
    <ClCompile Include="TrajectoryElipse.cpp">
      <Filter>Source Files\Trajectories\SinglePoint</Filter>
    </ClCompile>
    <ClCompile Include="TrajectoryManyPoints.cpp">
      <Filter>Source Files\Trajectories\ManyPoints</Filter>
    </ClCompile>
    <ClCompile Include="TrajectoryPolygon.cpp">
      <Filter>Source Files\Trajectories\ManyPoints</Filter>
    </ClCompile>
    <ClCompile Include="TrajectoryBezier.cpp">
      <Filter>Source Files\Trajectories\ManyPoints</Filter>
    </ClCompile>
    <ClCompile Include="TitleScreen.cpp">
      <Filter>Source Files\Fields\TitleScreen</Filter>
    </ClCompile>
    <ClCompile Include="Stage.cpp">
      <Filter>Source Files\Fields\GameScreen</Filter>
    </ClCompile>
    <ClCompile Include="Playfield.cpp">
      <Filter>Source Files\Fields\GameScreen</Filter>
    </ClCompile>
    <ClCompile Include="ScoreCountScreen.cpp">
      <Filter>Source Files\Fields\GameScreen</Filter>
    </ClCompile>
  </ItemGroup>
  <ItemGroup>
    <ClInclude Include="GameWindow.h">
      <Filter>Header Files</Filter>
    </ClInclude>
    <ClInclude Include="GraphicsDevice.h">
      <Filter>Header Files</Filter>
    </ClInclude>
    <ClInclude Include="GameWindowInitializationFailedException.h">
      <Filter>Header Files\Exceptions</Filter>
    </ClInclude>
    <ClInclude Include="Direct3DInitializationFailedException.h">
      <Filter>Header Files\Exceptions</Filter>
    </ClInclude>
    <ClInclude Include="Timer.h">
      <Filter>Header Files</Filter>
    </ClInclude>
    <ClInclude Include="Bullet.h">
      <Filter>Header Files\Bullets</Filter>
    </ClInclude>
    <ClInclude Include="Game.h">
      <Filter>Header Files\Fields</Filter>
    </ClInclude>
    <ClInclude Include="GameObject.h">
      <Filter>Header Files\Objects</Filter>
    </ClInclude>
    <ClInclude Include="Player.h">
      <Filter>Header Files\Objects</Filter>
    </ClInclude>
    <ClInclude Include="Move.h">
      <Filter>Header Files\Enumerations</Filter>
    </ClInclude>
    <ClInclude Include="EnemyBullet.h">
      <Filter>Header Files\Bullets</Filter>
    </ClInclude>
    <ClInclude Include="IException.h">
      <Filter>Header Files\Interfaces</Filter>
    </ClInclude>
    <ClInclude Include="IPattern.h">
      <Filter>Header Files\Interfaces</Filter>
    </ClInclude>
    <ClInclude Include="Vector.h">
      <Filter>Header Files\Tools</Filter>
    </ClInclude>
    <ClInclude Include="Trajectory.h">
      <Filter>Header Files\Trajectories</Filter>
    </ClInclude>
    <ClInclude Include="ITrajectory.h">
      <Filter>Header Files\Interfaces</Filter>
    </ClInclude>
    <ClInclude Include="ITransformable.h">
      <Filter>Header Files\Interfaces</Filter>
    </ClInclude>
    <ClInclude Include="IDrawable.h">
      <Filter>Header Files\Interfaces</Filter>
    </ClInclude>
    <ClInclude Include="Application.h">
      <Filter>Header Files</Filter>
    </ClInclude>
    <ClInclude Include="TrajectoryFactory.h">
      <Filter>Header Files\Trajectories</Filter>
    </ClInclude>
    <ClInclude Include="Road.h">
      <Filter>Header Files\Enumerations</Filter>
    </ClInclude>
    <ClInclude Include="Font.h">
      <Filter>Header Files</Filter>
    </ClInclude>
    <ClInclude Include="Hitbox.h">
      <Filter>Header Files</Filter>
    </ClInclude>
    <ClInclude Include="Bar.h">
      <Filter>Header Files</Filter>
    </ClInclude>
    <ClInclude Include="PlayerBullet.h">
      <Filter>Header Files\Bullets</Filter>
    </ClInclude>
    <ClInclude Include="BombBonus.h">
      <Filter>Header Files\Bonuses</Filter>
    </ClInclude>
    <ClInclude Include="Bonus.h">
      <Filter>Header Files\Bonuses</Filter>
    </ClInclude>
    <ClInclude Include="LifeBonus.h">
      <Filter>Header Files\Bonuses</Filter>
    </ClInclude>
    <ClInclude Include="PowerBonus.h">
      <Filter>Header Files\Bonuses</Filter>
    </ClInclude>
    <ClInclude Include="ScoreBonus.h">
      <Filter>Header Files\Bonuses</Filter>
    </ClInclude>
    <ClInclude Include="Enemy.h">
      <Filter>Header Files\Enemies</Filter>
    </ClInclude>
    <ClInclude Include="Pattern.h">
      <Filter>Header Files\Enumerations</Filter>
    </ClInclude>
    <ClInclude Include="EPattern.h">
      <Filter>Header Files\Patterns\EnemyPatterns</Filter>
    </ClInclude>
    <ClInclude Include="PlayerPattern01.h">
      <Filter>Header Files\Patterns\PlayerPatterns</Filter>
    </ClInclude>
    <ClInclude Include="PPattern.h">
      <Filter>Header Files\Patterns\PlayerPatterns</Filter>
    </ClInclude>
    <ClInclude Include="PlayerPattern02.h">
      <Filter>Header Files\Patterns\PlayerPatterns</Filter>
    </ClInclude>
    <ClInclude Include="PlayerPattern03.h">
      <Filter>Header Files\Patterns\PlayerPatterns</Filter>
    </ClInclude>
    <ClInclude Include="EnemyPatternLine.h">
      <Filter>Header Files\Patterns\EnemyPatterns</Filter>
    </ClInclude>
    <ClInclude Include="String.h">
      <Filter>Header Files\Tools</Filter>
    </ClInclude>
    <ClInclude Include="BonusFactory.h">
      <Filter>Header Files\Bonuses</Filter>
    </ClInclude>
    <ClInclude Include="EnemyPatternEllipse.h">
      <Filter>Header Files\Patterns\EnemyPatterns</Filter>
    </ClInclude>
    <ClInclude Include="PlayerPattern04.h">
      <Filter>Header Files\Patterns\PlayerPatterns</Filter>
    </ClInclude>
    <ClInclude Include="PlayerPattern05.h">
      <Filter>Header Files\Patterns\PlayerPatterns</Filter>
    </ClInclude>
    <ClInclude Include="Bomb.h">
      <Filter>Header Files\Objects</Filter>
    </ClInclude>
    <ClInclude Include="Sprite.h">
      <Filter>Header Files\Sprites</Filter>
    </ClInclude>
    <ClInclude Include="BonusType.h">
      <Filter>Header Files\Enumerations</Filter>
    </ClInclude>
    <ClInclude Include="Resource.h">
      <Filter>Header Files\Resources</Filter>
    </ClInclude>
    <ClInclude Include="EnemySpriteResource.h">
      <Filter>Header Files\Resources</Filter>
    </ClInclude>
    <ClInclude Include="EnemyBulletSpriteResource.h">
      <Filter>Header Files\Resources</Filter>
    </ClInclude>
    <ClInclude Include="BonusSpriteResource.h">
      <Filter>Header Files\Resources</Filter>
    </ClInclude>
    <ClInclude Include="PlayerBulletSpriteResource.h">
      <Filter>Header Files\Resources</Filter>
    </ClInclude>
    <ClInclude Include="EnemyPatternSpiral.h">
      <Filter>Header Files\Patterns\EnemyPatterns</Filter>
    </ClInclude>
    <ClInclude Include="EPatternFactory.h">
      <Filter>Header Files\Patterns\EnemyPatterns</Filter>
    </ClInclude>
    <ClInclude Include="Boss.h">
      <Filter>Header Files\Enemies</Filter>
    </ClInclude>
    <ClInclude Include="Spellcard.h">
      <Filter>Header Files\Patterns</Filter>
    </ClInclude>
    <ClInclude Include="ScreenMode.h">
      <Filter>Header Files\Enumerations</Filter>
    </ClInclude>
    <ClInclude Include="StageConst.h">
      <Filter>Header Files\Structures</Filter>
    </ClInclude>
    <ClInclude Include="EndStageInfo.h">
      <Filter>Header Files\Structures</Filter>
    </ClInclude>
    <ClInclude Include="TrajectoryBezier.h">
      <Filter>Header Files\Trajectories\ManyPoints</Filter>
    </ClInclude>
    <ClInclude Include="TrajectoryPolygon.h">
      <Filter>Header Files\Trajectories\ManyPoints</Filter>
    </ClInclude>
    <ClInclude Include="TrajectoryManyPoints.h">
      <Filter>Header Files\Trajectories\ManyPoints</Filter>
    </ClInclude>
    <ClInclude Include="TrajectorySpiral.h">
      <Filter>Header Files\Trajectories\SinglePoints</Filter>
    </ClInclude>
    <ClInclude Include="TrajectoryNone.h">
      <Filter>Header Files\Trajectories\SinglePoints</Filter>
    </ClInclude>
    <ClInclude Include="TrajectoryLine.h">
      <Filter>Header Files\Trajectories\SinglePoints</Filter>
    </ClInclude>
    <ClInclude Include="TrajectoryElipse.h">
      <Filter>Header Files\Trajectories\SinglePoints</Filter>
    </ClInclude>
    <ClInclude Include="TrajectorySingle.h">
      <Filter>Header Files\Trajectories\SinglePoints</Filter>
    </ClInclude>
    <ClInclude Include="TitleScreen.h">
      <Filter>Header Files\Fields\TitleScreen</Filter>
    </ClInclude>
    <ClInclude Include="Button.h">
      <Filter>Header Files\Fields\TitleScreen</Filter>
    </ClInclude>
    <ClInclude Include="ButtonType.h">
      <Filter>Header Files\Enumerations</Filter>
    </ClInclude>
    <ClInclude Include="Input.h">
      <Filter>Header Files</Filter>
    </ClInclude>
    <ClInclude Include="ScoreField.h">
      <Filter>Header Files\Fields\TitleScreen</Filter>
    </ClInclude>
    <ClInclude Include="OptionsScreen.h">
      <Filter>Header Files\Fields\TitleScreen</Filter>
    </ClInclude>
    <ClInclude Include="Option.h">
      <Filter>Header Files\Enumerations</Filter>
    </ClInclude>
    <ClInclude Include="GameControls.h">
      <Filter>Header Files\Enumerations</Filter>
    </ClInclude>
    <ClInclude Include="ConfigParser.h">
      <Filter>Header Files\Parsers</Filter>
    </ClInclude>
    <ClInclude Include="ScoreParser.h">
      <Filter>Header Files\Parsers</Filter>
    </ClInclude>
    <ClInclude Include="XmlParser.h">
      <Filter>Header Files\Parsers</Filter>
    </ClInclude>
    <ClInclude Include="Playfield.h">
      <Filter>Header Files\Fields\GameScreen</Filter>
    </ClInclude>
    <ClInclude Include="ScoreCountScreen.h">
      <Filter>Header Files\Fields\GameScreen</Filter>
    </ClInclude>
    <ClInclude Include="Stage.h">
      <Filter>Header Files\Fields\GameScreen</Filter>
    </ClInclude>
  </ItemGroup>
</Project>